
Microsoft Visual Studio Solution File, Format Version 12.00
# Visual Studio 2012
Project("{FAE04EC0-301F-11D3-BF4B-00C04F79EFBC}") = "MailStatistics", "MailStatistics.csproj", "{7F7CDF8B-1FA6-4D0F-86B1-F09BF0620290}"
EndProject
Global
	GlobalSection(SolutionConfigurationPlatforms) = preSolution
		Debug|Any CPU = Debug|Any CPU
		Release|Any CPU = Release|Any CPU
	EndGlobalSection
	GlobalSection(ProjectConfigurationPlatforms) = postSolution
		{7F7CDF8B-1FA6-4D0F-86B1-F09BF0620290}.Debug|Any CPU.ActiveCfg = Debug|Any CPU
		{7F7CDF8B-1FA6-4D0F-86B1-F09BF0620290}.Debug|Any CPU.Build.0 = Debug|Any CPU
		{7F7CDF8B-1FA6-4D0F-86B1-F09BF0620290}.Release|Any CPU.ActiveCfg = Release|Any CPU
		{7F7CDF8B-1FA6-4D0F-86B1-F09BF0620290}.Release|Any CPU.Build.0 = Release|Any CPU
	EndGlobalSection
	GlobalSection(MonoDevelopProperties) = preSolution
		StartupItem = MailStatistics.csproj
	EndGlobalSection
EndGlobal
